// !$*UTF8*$!
{
	archiveVersion = 1;
	classes = {
	};
	objectVersion = 46;
	objects = {

/* Begin PBXBuildFile section */
		1EFBC68B28369B4E9E7E2DAA /* Pods_MapViewPlus_Example.framework in Frameworks */ = {isa = PBXBuildFile; fileRef = 1DF23D252034CA779C89C7B4 /* Pods_MapViewPlus_Example.framework */; };
		607FACD61AFB9204008FA782 /* AppDelegate.swift in Sources */ = {isa = PBXBuildFile; fileRef = 607FACD51AFB9204008FA782 /* AppDelegate.swift */; };
		607FACDD1AFB9204008FA782 /* Images.xcassets in Resources */ = {isa = PBXBuildFile; fileRef = 607FACDC1AFB9204008FA782 /* Images.xcassets */; };
		83839C70205393BF002D6613 /* house.png in Resources */ = {isa = PBXBuildFile; fileRef = 83839C6B205393BF002D6613 /* house.png */; };
		83839C71205393BF002D6613 /* skyscraper.png in Resources */ = {isa = PBXBuildFile; fileRef = 83839C6C205393BF002D6613 /* skyscraper.png */; };
		83839C72205393BF002D6613 /* cafe.png in Resources */ = {isa = PBXBuildFile; fileRef = 83839C6D205393BF002D6613 /* cafe.png */; };
		83839C73205393BF002D6613 /* basic_annotation_image.png in Resources */ = {isa = PBXBuildFile; fileRef = 83839C6E205393BF002D6613 /* basic_annotation_image.png */; };
		83839C74205393BF002D6613 /* factory.png in Resources */ = {isa = PBXBuildFile; fileRef = 83839C6F205393BF002D6613 /* factory.png */; };
		83839C79205393CA002D6613 /* BasicCalloutView.swift in Sources */ = {isa = PBXBuildFile; fileRef = 83839C75205393C9002D6613 /* BasicCalloutView.swift */; };
		83839C7A205393CA002D6613 /* BasicExampleViewController.swift in Sources */ = {isa = PBXBuildFile; fileRef = 83839C76205393C9002D6613 /* BasicExampleViewController.swift */; };
		83839C7B205393CA002D6613 /* BasicCalloutView.xib in Resources */ = {isa = PBXBuildFile; fileRef = 83839C77205393C9002D6613 /* BasicCalloutView.xib */; };
		83839C7C205393CA002D6613 /* BasicCalloutViewModel.swift in Sources */ = {isa = PBXBuildFile; fileRef = 83839C78205393C9002D6613 /* BasicCalloutViewModel.swift */; };
		83839C7E205393E0002D6613 /* DefaultCalloutViewController.swift in Sources */ = {isa = PBXBuildFile; fileRef = 83839C7D205393E0002D6613 /* DefaultCalloutViewController.swift */; };
		83839C80205393ED002D6613 /* Main.storyboard in Resources */ = {isa = PBXBuildFile; fileRef = 83839C7F205393ED002D6613 /* Main.storyboard */; };
		83839C82205393F5002D6613 /* LaunchScreen.storyboard in Resources */ = {isa = PBXBuildFile; fileRef = 83839C81205393F5002D6613 /* LaunchScreen.storyboard */; };
/* End PBXBuildFile section */

/* Begin PBXFileReference section */
		020AC1292024337F13297F42 /* Pods-MapViewPlus_Example.debug.xcconfig */ = {isa = PBXFileReference; includeInIndex = 1; lastKnownFileType = text.xcconfig; name = "Pods-MapViewPlus_Example.debug.xcconfig"; path = "Pods/Target Support Files/Pods-MapViewPlus_Example/Pods-MapViewPlus_Example.debug.xcconfig"; sourceTree = "<group>"; };
		12C8AB9F284852A41ACD4A11 /* README.md */ = {isa = PBXFileReference; includeInIndex = 1; lastKnownFileType = net.daringfireball.markdown; name = README.md; path = ../README.md; sourceTree = "<group>"; };
		1DF23D252034CA779C89C7B4 /* Pods_MapViewPlus_Example.framework */ = {isa = PBXFileReference; explicitFileType = wrapper.framework; includeInIndex = 0; path = Pods_MapViewPlus_Example.framework; sourceTree = BUILT_PRODUCTS_DIR; };
		3492C300D1A65FD5EAF35BF5 /* Pods-MapViewPlus_Tests.debug.xcconfig */ = {isa = PBXFileReference; includeInIndex = 1; lastKnownFileType = text.xcconfig; name = "Pods-MapViewPlus_Tests.debug.xcconfig"; path = "Pods/Target Support Files/Pods-MapViewPlus_Tests/Pods-MapViewPlus_Tests.debug.xcconfig"; sourceTree = "<group>"; };
		52422279A1F30D2B76A394D4 /* Pods-MapViewPlus_Example.release.xcconfig */ = {isa = PBXFileReference; includeInIndex = 1; lastKnownFileType = text.xcconfig; name = "Pods-MapViewPlus_Example.release.xcconfig"; path = "Pods/Target Support Files/Pods-MapViewPlus_Example/Pods-MapViewPlus_Example.release.xcconfig"; sourceTree = "<group>"; };
		607FACD01AFB9204008FA782 /* MapViewPlus_Example.app */ = {isa = PBXFileReference; explicitFileType = wrapper.application; includeInIndex = 0; path = MapViewPlus_Example.app; sourceTree = BUILT_PRODUCTS_DIR; };
		607FACD41AFB9204008FA782 /* Info.plist */ = {isa = PBXFileReference; lastKnownFileType = text.plist.xml; path = Info.plist; sourceTree = "<group>"; };
		607FACD51AFB9204008FA782 /* AppDelegate.swift */ = {isa = PBXFileReference; lastKnownFileType = sourcecode.swift; path = AppDelegate.swift; sourceTree = "<group>"; };
		607FACDC1AFB9204008FA782 /* Images.xcassets */ = {isa = PBXFileReference; lastKnownFileType = folder.assetcatalog; path = Images.xcassets; sourceTree = "<group>"; };
		607FACEA1AFB9204008FA782 /* Info.plist */ = {isa = PBXFileReference; lastKnownFileType = text.plist.xml; path = Info.plist; sourceTree = "<group>"; };
		607FACEB1AFB9204008FA782 /* Tests.swift */ = {isa = PBXFileReference; lastKnownFileType = sourcecode.swift; path = Tests.swift; sourceTree = "<group>"; };
		83839C6B205393BF002D6613 /* house.png */ = {isa = PBXFileReference; lastKnownFileType = image.png; path = house.png; sourceTree = "<group>"; };
		83839C6C205393BF002D6613 /* skyscraper.png */ = {isa = PBXFileReference; lastKnownFileType = image.png; path = skyscraper.png; sourceTree = "<group>"; };
		83839C6D205393BF002D6613 /* cafe.png */ = {isa = PBXFileReference; lastKnownFileType = image.png; path = cafe.png; sourceTree = "<group>"; };
		83839C6E205393BF002D6613 /* basic_annotation_image.png */ = {isa = PBXFileReference; lastKnownFileType = image.png; path = basic_annotation_image.png; sourceTree = "<group>"; };
		83839C6F205393BF002D6613 /* factory.png */ = {isa = PBXFileReference; lastKnownFileType = image.png; path = factory.png; sourceTree = "<group>"; };
		83839C75205393C9002D6613 /* BasicCalloutView.swift */ = {isa = PBXFileReference; fileEncoding = 4; lastKnownFileType = sourcecode.swift; path = BasicCalloutView.swift; sourceTree = "<group>"; };
		83839C76205393C9002D6613 /* BasicExampleViewController.swift */ = {isa = PBXFileReference; fileEncoding = 4; lastKnownFileType = sourcecode.swift; path = BasicExampleViewController.swift; sourceTree = "<group>"; };
		83839C77205393C9002D6613 /* BasicCalloutView.xib */ = {isa = PBXFileReference; fileEncoding = 4; lastKnownFileType = file.xib; path = BasicCalloutView.xib; sourceTree = "<group>"; };
		83839C78205393C9002D6613 /* BasicCalloutViewModel.swift */ = {isa = PBXFileReference; fileEncoding = 4; lastKnownFileType = sourcecode.swift; path = BasicCalloutViewModel.swift; sourceTree = "<group>"; };
		83839C7D205393E0002D6613 /* DefaultCalloutViewController.swift */ = {isa = PBXFileReference; fileEncoding = 4; lastKnownFileType = sourcecode.swift; path = DefaultCalloutViewController.swift; sourceTree = "<group>"; };
		83839C7F205393ED002D6613 /* Main.storyboard */ = {isa = PBXFileReference; fileEncoding = 4; lastKnownFileType = file.storyboard; path = Main.storyboard; sourceTree = "<group>"; };
		83839C81205393F5002D6613 /* LaunchScreen.storyboard */ = {isa = PBXFileReference; fileEncoding = 4; lastKnownFileType = file.storyboard; path = LaunchScreen.storyboard; sourceTree = "<group>"; };
		92D12292420E87E015567A13 /* Pods-MapViewPlus_Tests.release.xcconfig */ = {isa = PBXFileReference; includeInIndex = 1; lastKnownFileType = text.xcconfig; name = "Pods-MapViewPlus_Tests.release.xcconfig"; path = "Pods/Target Support Files/Pods-MapViewPlus_Tests/Pods-MapViewPlus_Tests.release.xcconfig"; sourceTree = "<group>"; };
		A297B1002BBF2C4152804D92 /* MapViewPlus.podspec */ = {isa = PBXFileReference; includeInIndex = 1; lastKnownFileType = text; name = MapViewPlus.podspec; path = ../MapViewPlus.podspec; sourceTree = "<group>"; xcLanguageSpecificationIdentifier = xcode.lang.ruby; };
		D6A058546C037EA78F09EE7E /* LICENSE */ = {isa = PBXFileReference; includeInIndex = 1; lastKnownFileType = text; name = LICENSE; path = ../LICENSE; sourceTree = "<group>"; };
		E2CE891B75A57E7354C0D5D9 /* Pods_MapViewPlus_Tests.framework */ = {isa = PBXFileReference; explicitFileType = wrapper.framework; includeInIndex = 0; path = Pods_MapViewPlus_Tests.framework; sourceTree = BUILT_PRODUCTS_DIR; };
/* End PBXFileReference section */

/* Begin PBXFrameworksBuildPhase section */
		607FACCD1AFB9204008FA782 /* Frameworks */ = {
			isa = PBXFrameworksBuildPhase;
			buildActionMask = 2147483647;
			files = (
				1EFBC68B28369B4E9E7E2DAA /* Pods_MapViewPlus_Example.framework in Frameworks */,
			);
			runOnlyForDeploymentPostprocessing = 0;
		};
/* End PBXFrameworksBuildPhase section */

/* Begin PBXGroup section */
		1765616802B22A09B28D0B0F /* Frameworks */ = {
			isa = PBXGroup;
			children = (
				1DF23D252034CA779C89C7B4 /* Pods_MapViewPlus_Example.framework */,
				E2CE891B75A57E7354C0D5D9 /* Pods_MapViewPlus_Tests.framework */,
			);
			name = Frameworks;
			sourceTree = "<group>";
		};
		607FACC71AFB9204008FA782 = {
			isa = PBXGroup;
			children = (
				607FACF51AFB993E008FA782 /* Podspec Metadata */,
				607FACD21AFB9204008FA782 /* Example for MapViewPlus */,
				607FACE81AFB9204008FA782 /* Tests */,
				607FACD11AFB9204008FA782 /* Products */,
				9AEBB6497B7FE2FCC245535F /* Pods */,
				1765616802B22A09B28D0B0F /* Frameworks */,
			);
			sourceTree = "<group>";
		};
		607FACD11AFB9204008FA782 /* Products */ = {
			isa = PBXGroup;
			children = (
				607FACD01AFB9204008FA782 /* MapViewPlus_Example.app */,
			);
			name = Products;
			sourceTree = "<group>";
		};
		607FACD21AFB9204008FA782 /* Example for MapViewPlus */ = {
			isa = PBXGroup;
			children = (
				83839C6920539377002D6613 /* Default Callout View Usage */,
				83839C6820539371002D6613 /* Basic Example */,
				607FACD51AFB9204008FA782 /* AppDelegate.swift */,
				83839C7F205393ED002D6613 /* Main.storyboard */,
				83839C81205393F5002D6613 /* LaunchScreen.storyboard */,
				607FACDC1AFB9204008FA782 /* Images.xcassets */,
				607FACD31AFB9204008FA782 /* Supporting Files */,
			);
			name = "Example for MapViewPlus";
			path = MapViewPlus;
			sourceTree = "<group>";
		};
		607FACD31AFB9204008FA782 /* Supporting Files */ = {
			isa = PBXGroup;
			children = (
				607FACD41AFB9204008FA782 /* Info.plist */,
			);
			name = "Supporting Files";
			sourceTree = "<group>";
		};
		607FACE81AFB9204008FA782 /* Tests */ = {
			isa = PBXGroup;
			children = (
				607FACEB1AFB9204008FA782 /* Tests.swift */,
				607FACE91AFB9204008FA782 /* Supporting Files */,
			);
			path = Tests;
			sourceTree = "<group>";
		};
		607FACE91AFB9204008FA782 /* Supporting Files */ = {
			isa = PBXGroup;
			children = (
				607FACEA1AFB9204008FA782 /* Info.plist */,
			);
			name = "Supporting Files";
			sourceTree = "<group>";
		};
		607FACF51AFB993E008FA782 /* Podspec Metadata */ = {
			isa = PBXGroup;
			children = (
				A297B1002BBF2C4152804D92 /* MapViewPlus.podspec */,
				12C8AB9F284852A41ACD4A11 /* README.md */,
				D6A058546C037EA78F09EE7E /* LICENSE */,
			);
			name = "Podspec Metadata";
			sourceTree = "<group>";
		};
		83839C6820539371002D6613 /* Basic Example */ = {
			isa = PBXGroup;
			children = (
				83839C6A205393B7002D6613 /* Images */,
				83839C75205393C9002D6613 /* BasicCalloutView.swift */,
				83839C77205393C9002D6613 /* BasicCalloutView.xib */,
				83839C78205393C9002D6613 /* BasicCalloutViewModel.swift */,
				83839C76205393C9002D6613 /* BasicExampleViewController.swift */,
			);
			name = "Basic Example";
			sourceTree = "<group>";
		};
		83839C6920539377002D6613 /* Default Callout View Usage */ = {
			isa = PBXGroup;
			children = (
				83839C7D205393E0002D6613 /* DefaultCalloutViewController.swift */,
			);
			name = "Default Callout View Usage";
			sourceTree = "<group>";
		};
		83839C6A205393B7002D6613 /* Images */ = {
			isa = PBXGroup;
			children = (
				83839C6E205393BF002D6613 /* basic_annotation_image.png */,
				83839C6D205393BF002D6613 /* cafe.png */,
				83839C6F205393BF002D6613 /* factory.png */,
				83839C6B205393BF002D6613 /* house.png */,
				83839C6C205393BF002D6613 /* skyscraper.png */,
			);
			name = Images;
			sourceTree = "<group>";
		};
		9AEBB6497B7FE2FCC245535F /* Pods */ = {
			isa = PBXGroup;
			children = (
				020AC1292024337F13297F42 /* Pods-MapViewPlus_Example.debug.xcconfig */,
				52422279A1F30D2B76A394D4 /* Pods-MapViewPlus_Example.release.xcconfig */,
				3492C300D1A65FD5EAF35BF5 /* Pods-MapViewPlus_Tests.debug.xcconfig */,
				92D12292420E87E015567A13 /* Pods-MapViewPlus_Tests.release.xcconfig */,
			);
			name = Pods;
			sourceTree = "<group>";
		};
/* End PBXGroup section */

/* Begin PBXNativeTarget section */
		607FACCF1AFB9204008FA782 /* MapViewPlus_Example */ = {
			isa = PBXNativeTarget;
			buildConfigurationList = 607FACEF1AFB9204008FA782 /* Build configuration list for PBXNativeTarget "MapViewPlus_Example" */;
			buildPhases = (
				594E18A9913F52C1DA284F2F /* [CP] Check Pods Manifest.lock */,
				607FACCC1AFB9204008FA782 /* Sources */,
				607FACCD1AFB9204008FA782 /* Frameworks */,
				607FACCE1AFB9204008FA782 /* Resources */,
				788AC9CE4B9866EFD18E4D7D /* [CP] Embed Pods Frameworks */,
				FCD98EB814075795A1CBC26D /* [CP] Copy Pods Resources */,
			);
			buildRules = (
			);
			dependencies = (
			);
			name = MapViewPlus_Example;
			productName = MapViewPlus;
			productReference = 607FACD01AFB9204008FA782 /* MapViewPlus_Example.app */;
			productType = "com.apple.product-type.application";
		};
/* End PBXNativeTarget section */

/* Begin PBXProject section */
		607FACC81AFB9204008FA782 /* Project object */ = {
			isa = PBXProject;
			attributes = {
				LastSwiftUpdateCheck = 0830;
				LastUpgradeCheck = 0830;
				ORGANIZATIONNAME = CocoaPods;
				TargetAttributes = {
					607FACCF1AFB9204008FA782 = {
						CreatedOnToolsVersion = 6.3.1;
						LastSwiftMigration = 1120;
					};
				};
			};
			buildConfigurationList = 607FACCB1AFB9204008FA782 /* Build configuration list for PBXProject "MapViewPlus" */;
			compatibilityVersion = "Xcode 3.2";
			developmentRegion = English;
			hasScannedForEncodings = 0;
			knownRegions = (
				English,
				en,
				Base,
			);
			mainGroup = 607FACC71AFB9204008FA782;
			productRefGroup = 607FACD11AFB9204008FA782 /* Products */;
			projectDirPath = "";
			projectRoot = "";
			targets = (
				607FACCF1AFB9204008FA782 /* MapViewPlus_Example */,
			);
		};
/* End PBXProject section */

/* Begin PBXResourcesBuildPhase section */
		607FACCE1AFB9204008FA782 /* Resources */ = {
			isa = PBXResourcesBuildPhase;
			buildActionMask = 2147483647;
			files = (
				83839C82205393F5002D6613 /* LaunchScreen.storyboard in Resources */,
				83839C70205393BF002D6613 /* house.png in Resources */,
				607FACDD1AFB9204008FA782 /* Images.xcassets in Resources */,
				83839C72205393BF002D6613 /* cafe.png in Resources */,
				83839C80205393ED002D6613 /* Main.storyboard in Resources */,
				83839C73205393BF002D6613 /* basic_annotation_image.png in Resources */,
				83839C74205393BF002D6613 /* factory.png in Resources */,
				83839C71205393BF002D6613 /* skyscraper.png in Resources */,
				83839C7B205393CA002D6613 /* BasicCalloutView.xib in Resources */,
			);
			runOnlyForDeploymentPostprocessing = 0;
		};
/* End PBXResourcesBuildPhase section */

/* Begin PBXShellScriptBuildPhase section */
		594E18A9913F52C1DA284F2F /* [CP] Check Pods Manifest.lock */ = {
			isa = PBXShellScriptBuildPhase;
			buildActionMask = 2147483647;
			files = (
			);
			inputPaths = (
				"${PODS_PODFILE_DIR_PATH}/Podfile.lock",
				"${PODS_ROOT}/Manifest.lock",
			);
			name = "[CP] Check Pods Manifest.lock";
			outputPaths = (
				"$(DERIVED_FILE_DIR)/Pods-MapViewPlus_Example-checkManifestLockResult.txt",
			);
			runOnlyForDeploymentPostprocessing = 0;
			shellPath = /bin/sh;
			shellScript = "diff \"${PODS_PODFILE_DIR_PATH}/Podfile.lock\" \"${PODS_ROOT}/Manifest.lock\" > /dev/null\nif [ $? != 0 ] ; then\n    # print error to STDERR\n    echo \"error: The sandbox is not in sync with the Podfile.lock. Run 'pod install' or update your CocoaPods installation.\" >&2\n    exit 1\nfi\n# This output is used by Xcode 'outputs' to avoid re-running this script phase.\necho \"SUCCESS\" > \"${SCRIPT_OUTPUT_FILE_0}\"\n";
			showEnvVarsInLog = 0;
		};
		788AC9CE4B9866EFD18E4D7D /* [CP] Embed Pods Frameworks */ = {
			isa = PBXShellScriptBuildPhase;
			buildActionMask = 2147483647;
			files = (
			);
			inputPaths = (
				"${SRCROOT}/Pods/Target Support Files/Pods-MapViewPlus_Example/Pods-MapViewPlus_Example-frameworks.sh",
				"${BUILT_PRODUCTS_DIR}/Kingfisher/Kingfisher.framework",
				"${BUILT_PRODUCTS_DIR}/MapViewPlus/MapViewPlus.framework",
			);
			name = "[CP] Embed Pods Frameworks";
			outputPaths = (
				"${TARGET_BUILD_DIR}/${FRAMEWORKS_FOLDER_PATH}/Kingfisher.framework",
				"${TARGET_BUILD_DIR}/${FRAMEWORKS_FOLDER_PATH}/MapViewPlus.framework",
			);
			runOnlyForDeploymentPostprocessing = 0;
			shellPath = /bin/sh;
			shellScript = "\"${SRCROOT}/Pods/Target Support Files/Pods-MapViewPlus_Example/Pods-MapViewPlus_Example-frameworks.sh\"\n";
			showEnvVarsInLog = 0;
		};
		FCD98EB814075795A1CBC26D /* [CP] Copy Pods Resources */ = {
			isa = PBXShellScriptBuildPhase;
			buildActionMask = 2147483647;
			files = (
			);
			inputPaths = (
			);
			name = "[CP] Copy Pods Resources";
			outputPaths = (
			);
			runOnlyForDeploymentPostprocessing = 0;
			shellPath = /bin/sh;
			shellScript = "\"${SRCROOT}/Pods/Target Support Files/Pods-MapViewPlus_Example/Pods-MapViewPlus_Example-resources.sh\"\n";
			showEnvVarsInLog = 0;
		};
/* End PBXShellScriptBuildPhase section */

/* Begin PBXSourcesBuildPhase section */
		607FACCC1AFB9204008FA782 /* Sources */ = {
			isa = PBXSourcesBuildPhase;
			buildActionMask = 2147483647;
			files = (
				83839C7C205393CA002D6613 /* BasicCalloutViewModel.swift in Sources */,
				83839C79205393CA002D6613 /* BasicCalloutView.swift in Sources */,
				607FACD61AFB9204008FA782 /* AppDelegate.swift in Sources */,
				83839C7E205393E0002D6613 /* DefaultCalloutViewController.swift in Sources */,
				83839C7A205393CA002D6613 /* BasicExampleViewController.swift in Sources */,
			);
			runOnlyForDeploymentPostprocessing = 0;
		};
/* End PBXSourcesBuildPhase section */

/* Begin XCBuildConfiguration section */
		607FACED1AFB9204008FA782 /* Debug */ = {
			isa = XCBuildConfiguration;
			buildSettings = {
				ALWAYS_SEARCH_USER_PATHS = NO;
				CLANG_CXX_LANGUAGE_STANDARD = "gnu++0x";
				CLANG_CXX_LIBRARY = "libc++";
				CLANG_ENABLE_MODULES = YES;
				CLANG_ENABLE_OBJC_ARC = YES;
				CLANG_WARN_BLOCK_CAPTURE_AUTORELEASING = YES;
				CLANG_WARN_BOOL_CONVERSION = YES;
				CLANG_WARN_COMMA = YES;
				CLANG_WARN_CONSTANT_CONVERSION = YES;
				CLANG_WARN_DIRECT_OBJC_ISA_USAGE = YES_ERROR;
				CLANG_WARN_EMPTY_BODY = YES;
				CLANG_WARN_ENUM_CONVERSION = YES;
				CLANG_WARN_INFINITE_RECURSION = YES;
				CLANG_WARN_INT_CONVERSION = YES;
				CLANG_WARN_NON_LITERAL_NULL_CONVERSION = YES;
				CLANG_WARN_OBJC_LITERAL_CONVERSION = YES;
				CLANG_WARN_OBJC_ROOT_CLASS = YES_ERROR;
				CLANG_WARN_RANGE_LOOP_ANALYSIS = YES;
				CLANG_WARN_STRICT_PROTOTYPES = YES;
				CLANG_WARN_SUSPICIOUS_MOVE = YES;
				CLANG_WARN_UNREACHABLE_CODE = YES;
				CLANG_WARN__DUPLICATE_METHOD_MATCH = YES;
				"CODE_SIGN_IDENTITY[sdk=iphoneos*]" = "iPhone Developer";
				COPY_PHASE_STRIP = NO;
				DEBUG_INFORMATION_FORMAT = "dwarf-with-dsym";
				ENABLE_STRICT_OBJC_MSGSEND = YES;
				ENABLE_TESTABILITY = YES;
				GCC_C_LANGUAGE_STANDARD = gnu99;
				GCC_DYNAMIC_NO_PIC = NO;
				GCC_NO_COMMON_BLOCKS = YES;
				GCC_OPTIMIZATION_LEVEL = 0;
				GCC_PREPROCESSOR_DEFINITIONS = (
					"DEBUG=1",
					"$(inherited)",
				);
				GCC_SYMBOLS_PRIVATE_EXTERN = NO;
				GCC_WARN_64_TO_32_BIT_CONVERSION = YES;
				GCC_WARN_ABOUT_RETURN_TYPE = YES_ERROR;
				GCC_WARN_UNDECLARED_SELECTOR = YES;
				GCC_WARN_UNINITIALIZED_AUTOS = YES_AGGRESSIVE;
				GCC_WARN_UNUSED_FUNCTION = YES;
				GCC_WARN_UNUSED_VARIABLE = YES;
				IPHONEOS_DEPLOYMENT_TARGET = 9.3;
				MTL_ENABLE_DEBUG_INFO = YES;
				ONLY_ACTIVE_ARCH = YES;
				SDKROOT = iphoneos;
				SWIFT_OPTIMIZATION_LEVEL = "-Onone";
			};
			name = Debug;
		};
		607FACEE1AFB9204008FA782 /* Release */ = {
			isa = XCBuildConfiguration;
			buildSettings = {
				ALWAYS_SEARCH_USER_PATHS = NO;
				CLANG_CXX_LANGUAGE_STANDARD = "gnu++0x";
				CLANG_CXX_LIBRARY = "libc++";
				CLANG_ENABLE_MODULES = YES;
				CLANG_ENABLE_OBJC_ARC = YES;
				CLANG_WARN_BLOCK_CAPTURE_AUTORELEASING = YES;
				CLANG_WARN_BOOL_CONVERSION = YES;
				CLANG_WARN_COMMA = YES;
				CLANG_WARN_CONSTANT_CONVERSION = YES;
				CLANG_WARN_DIRECT_OBJC_ISA_USAGE = YES_ERROR;
				CLANG_WARN_EMPTY_BODY = YES;
				CLANG_WARN_ENUM_CONVERSION = YES;
				CLANG_WARN_INFINITE_RECURSION = YES;
				CLANG_WARN_INT_CONVERSION = YES;
				CLANG_WARN_NON_LITERAL_NULL_CONVERSION = YES;
				CLANG_WARN_OBJC_LITERAL_CONVERSION = YES;
				CLANG_WARN_OBJC_ROOT_CLASS = YES_ERROR;
				CLANG_WARN_RANGE_LOOP_ANALYSIS = YES;
				CLANG_WARN_STRICT_PROTOTYPES = YES;
				CLANG_WARN_SUSPICIOUS_MOVE = YES;
				CLANG_WARN_UNREACHABLE_CODE = YES;
				CLANG_WARN__DUPLICATE_METHOD_MATCH = YES;
				"CODE_SIGN_IDENTITY[sdk=iphoneos*]" = "iPhone Developer";
				COPY_PHASE_STRIP = NO;
				DEBUG_INFORMATION_FORMAT = "dwarf-with-dsym";
				ENABLE_NS_ASSERTIONS = NO;
				ENABLE_STRICT_OBJC_MSGSEND = YES;
				GCC_C_LANGUAGE_STANDARD = gnu99;
				GCC_NO_COMMON_BLOCKS = YES;
				GCC_WARN_64_TO_32_BIT_CONVERSION = YES;
				GCC_WARN_ABOUT_RETURN_TYPE = YES_ERROR;
				GCC_WARN_UNDECLARED_SELECTOR = YES;
				GCC_WARN_UNINITIALIZED_AUTOS = YES_AGGRESSIVE;
				GCC_WARN_UNUSED_FUNCTION = YES;
				GCC_WARN_UNUSED_VARIABLE = YES;
				IPHONEOS_DEPLOYMENT_TARGET = 9.3;
				MTL_ENABLE_DEBUG_INFO = NO;
				SDKROOT = iphoneos;
				SWIFT_OPTIMIZATION_LEVEL = "-Owholemodule";
				VALIDATE_PRODUCT = YES;
			};
			name = Release;
		};
		607FACF01AFB9204008FA782 /* Debug */ = {
			isa = XCBuildConfiguration;
			baseConfigurationReference = 020AC1292024337F13297F42 /* Pods-MapViewPlus_Example.debug.xcconfig */;
			buildSettings = {
				ASSETCATALOG_COMPILER_APPICON_NAME = AppIcon;
				DEVELOPMENT_TEAM = "";
				INFOPLIST_FILE = MapViewPlus/Info.plist;
				IPHONEOS_DEPLOYMENT_TARGET = 10.0;
				LD_RUNPATH_SEARCH_PATHS = "$(inherited) @executable_path/Frameworks";
				MODULE_NAME = ExampleApp;
				PRODUCT_BUNDLE_IDENTIFIER = "org.cocoapods.demo.MapViewPlus-Example.";
				PRODUCT_NAME = "$(TARGET_NAME)";
				SWIFT_SWIFT3_OBJC_INFERENCE = Default;
				SWIFT_VERSION = 5.0;
				TARGETED_DEVICE_FAMILY = "1,2";
			};
			name = Debug;
		};
		607FACF11AFB9204008FA782 /* Release */ = {
			isa = XCBuildConfiguration;
			baseConfigurationReference = 52422279A1F30D2B76A394D4 /* Pods-MapViewPlus_Example.release.xcconfig */;
			buildSettings = {
				ASSETCATALOG_COMPILER_APPICON_NAME = AppIcon;
				DEVELOPMENT_TEAM = "";
				INFOPLIST_FILE = MapViewPlus/Info.plist;
				IPHONEOS_DEPLOYMENT_TARGET = 10.0;
				LD_RUNPATH_SEARCH_PATHS = "$(inherited) @executable_path/Frameworks";
				MODULE_NAME = ExampleApp;
				PRODUCT_BUNDLE_IDENTIFIER = "org.cocoapods.demo.MapViewPlus-Example.";
				PRODUCT_NAME = "$(TARGET_NAME)";
				SWIFT_SWIFT3_OBJC_INFERENCE = Default;
				SWIFT_VERSION = 5.0;
				TARGETED_DEVICE_FAMILY = "1,2";
			};
			name = Release;
		};
/* End XCBuildConfiguration section */

/* Begin XCConfigurationList section */
		607FACCB1AFB9204008FA782 /* Build configuration list for PBXProject "MapViewPlus" */ = {
			isa = XCConfigurationList;
			buildConfigurations = (
				607FACED1AFB9204008FA782 /* Debug */,
				607FACEE1AFB9204008FA782 /* Release */,
			);
			defaultConfigurationIsVisible = 0;
			defaultConfigurationName = Release;
		};
		607FACEF1AFB9204008FA782 /* Build configuration list for PBXNativeTarget "MapViewPlus_Example" */ = {
			isa = XCConfigurationList;
			buildConfigurations = (
				607FACF01AFB9204008FA782 /* Debug */,
				607FACF11AFB9204008FA782 /* Release */,
			);
			defaultConfigurationIsVisible = 0;
			defaultConfigurationName = Release;
		};
/* End XCConfigurationList section */
	};
	rootObject = 607FACC81AFB9204008FA782 /* Project object */;
}
